// !$*UTF8*$!
{
	archiveVersion = 1;
	classes = {
	};
	objectVersion = 46;
	objects = {

/* Begin PBXBuildFile section */
		62679B841C79EE0900926E04 /* AppDelegate.swift in Sources */ = {isa = PBXBuildFile; fileRef = 62679B831C79EE0900926E04 /* AppDelegate.swift */; };
		62679B861C79EE0900926E04 /* ViewController.swift in Sources */ = {isa = PBXBuildFile; fileRef = 62679B851C79EE0900926E04 /* ViewController.swift */; };
		62679B881C79EE0900926E04 /* Assets.xcassets in Resources */ = {isa = PBXBuildFile; fileRef = 62679B871C79EE0900926E04 /* Assets.xcassets */; };
		62679B8B1C79EE0900926E04 /* Main.storyboard in Resources */ = {isa = PBXBuildFile; fileRef = 62679B891C79EE0900926E04 /* Main.storyboard */; };
		62679B961C79EE0900926E04 /* CTestTests.swift in Sources */ = {isa = PBXBuildFile; fileRef = 62679B951C79EE0900926E04 /* CTestTests.swift */; };
/* End PBXBuildFile section */

/* Begin PBXContainerItemProxy section */
		62679B921C79EE0900926E04 /* PBXContainerItemProxy */ = {
			isa = PBXContainerItemProxy;
			containerPortal = 62679B781C79EE0900926E04 /* Project object */;
			proxyType = 1;
			remoteGlobalIDString = 62679B7F1C79EE0900926E04;
			remoteInfo = CTest;
		};
/* End PBXContainerItemProxy section */

/* Begin PBXFileReference section */
		62679B801C79EE0900926E04 /* CTest.app */ = {isa = PBXFileReference; explicitFileType = wrapper.application; includeInIndex = 0; path = CTest.app; sourceTree = BUILT_PRODUCTS_DIR; };
		62679B831C79EE0900926E04 /* AppDelegate.swift */ = {isa = PBXFileReference; lastKnownFileType = sourcecode.swift; path = AppDelegate.swift; sourceTree = "<group>"; };
		62679B851C79EE0900926E04 /* ViewController.swift */ = {isa = PBXFileReference; lastKnownFileType = sourcecode.swift; path = ViewController.swift; sourceTree = "<group>"; };
		62679B871C79EE0900926E04 /* Assets.xcassets */ = {isa = PBXFileReference; lastKnownFileType = folder.assetcatalog; path = Assets.xcassets; sourceTree = "<group>"; };
		62679B8A1C79EE0900926E04 /* Base */ = {isa = PBXFileReference; lastKnownFileType = file.storyboard; name = Base; path = Base.lproj/Main.storyboard; sourceTree = "<group>"; };
		62679B8C1C79EE0900926E04 /* Info.plist */ = {isa = PBXFileReference; lastKnownFileType = text.plist.xml; path = Info.plist; sourceTree = "<group>"; };
		62679B911C79EE0900926E04 /* CTestTests.xctest */ = {isa = PBXFileReference; explicitFileType = wrapper.cfbundle; includeInIndex = 0; path = CTestTests.xctest; sourceTree = BUILT_PRODUCTS_DIR; };
		62679B951C79EE0900926E04 /* CTestTests.swift */ = {isa = PBXFileReference; lastKnownFileType = sourcecode.swift; path = CTestTests.swift; sourceTree = "<group>"; };
		62679B971C79EE0900926E04 /* Info.plist */ = {isa = PBXFileReference; lastKnownFileType = text.plist.xml; path = Info.plist; sourceTree = "<group>"; };
/* End PBXFileReference section */

/* Begin PBXFrameworksBuildPhase section */
		62679B7D1C79EE0900926E04 /* Frameworks */ = {
			isa = PBXFrameworksBuildPhase;
			buildActionMask = 2147483647;
			files = (
			);
			runOnlyForDeploymentPostprocessing = 0;
		};
		62679B8E1C79EE0900926E04 /* Frameworks */ = {
			isa = PBXFrameworksBuildPhase;
			buildActionMask = 2147483647;
			files = (
			);
			runOnlyForDeploymentPostprocessing = 0;
		};
/* End PBXFrameworksBuildPhase section */

/* Begin PBXGroup section */
		62679B771C79EE0900926E04 = {
			isa = PBXGroup;
			children = (
				62679B821C79EE0900926E04 /* CTest */,
				62679B941C79EE0900926E04 /* CTestTests */,
				62679B811C79EE0900926E04 /* Products */,
			);
			sourceTree = "<group>";
		};
		62679B811C79EE0900926E04 /* Products */ = {
			isa = PBXGroup;
			children = (
				62679B801C79EE0900926E04 /* CTest.app */,
				62679B911C79EE0900926E04 /* CTestTests.xctest */,
			);
			name = Products;
			sourceTree = "<group>";
		};
		62679B821C79EE0900926E04 /* CTest */ = {
			isa = PBXGroup;
			children = (
				62679B831C79EE0900926E04 /* AppDelegate.swift */,
				62679B851C79EE0900926E04 /* ViewController.swift */,
				62679B871C79EE0900926E04 /* Assets.xcassets */,
				62679B891C79EE0900926E04 /* Main.storyboard */,
				62679B8C1C79EE0900926E04 /* Info.plist */,
			);
			path = CTest;
			sourceTree = "<group>";
		};
		62679B941C79EE0900926E04 /* CTestTests */ = {
			isa = PBXGroup;
			children = (
				62679B951C79EE0900926E04 /* CTestTests.swift */,
				62679B971C79EE0900926E04 /* Info.plist */,
			);
			path = CTestTests;
			sourceTree = "<group>";
		};
/* End PBXGroup section */

/* Begin PBXNativeTarget section */
		62679B7F1C79EE0900926E04 /* CTest */ = {
			isa = PBXNativeTarget;
			buildConfigurationList = 62679B9A1C79EE0900926E04 /* Build configuration list for PBXNativeTarget "CTest" */;
			buildPhases = (
				62679B7C1C79EE0900926E04 /* Sources */,
				62679B7D1C79EE0900926E04 /* Frameworks */,
				62679B7E1C79EE0900926E04 /* Resources */,
			);
			buildRules = (
			);
			dependencies = (
			);
			name = CTest;
			productName = CTest;
			productReference = 62679B801C79EE0900926E04 /* CTest.app */;
			productType = "com.apple.product-type.application";
		};
		62679B901C79EE0900926E04 /* CTestTests */ = {
			isa = PBXNativeTarget;
			buildConfigurationList = 62679B9D1C79EE0900926E04 /* Build configuration list for PBXNativeTarget "CTestTests" */;
			buildPhases = (
				62679B8D1C79EE0900926E04 /* Sources */,
				62679B8E1C79EE0900926E04 /* Frameworks */,
				62679B8F1C79EE0900926E04 /* Resources */,
			);
			buildRules = (
			);
			dependencies = (
				62679B931C79EE0900926E04 /* PBXTargetDependency */,
			);
			name = CTestTests;
			productName = CTestTests;
			productReference = 62679B911C79EE0900926E04 /* CTestTests.xctest */;
			productType = "com.apple.product-type.bundle.unit-test";
		};
/* End PBXNativeTarget section */

/* Begin PBXProject section */
		62679B781C79EE0900926E04 /* Project object */ = {
			isa = PBXProject;
			attributes = {
				LastSwiftUpdateCheck = 0720;
				LastUpgradeCheck = 0720;
				ORGANIZATIONNAME = "Tom Nick";
				TargetAttributes = {
					62679B7F1C79EE0900926E04 = {
						CreatedOnToolsVersion = 7.2.1;
					};
					62679B901C79EE0900926E04 = {
						CreatedOnToolsVersion = 7.2.1;
						TestTargetID = 62679B7F1C79EE0900926E04;
					};
				};
			};
			buildConfigurationList = 62679B7B1C79EE0900926E04 /* Build configuration list for PBXProject "CTest" */;
			compatibilityVersion = "Xcode 3.2";
			developmentRegion = English;
			hasScannedForEncodings = 0;
			knownRegions = (
				en,
				Base,
			);
			mainGroup = 62679B771C79EE0900926E04;
			productRefGroup = 62679B811C79EE0900926E04 /* Products */;
			projectDirPath = "";
			projectRoot = "";
			targets = (
				62679B7F1C79EE0900926E04 /* CTest */,
				62679B901C79EE0900926E04 /* CTestTests */,
			);
		};
/* End PBXProject section */

/* Begin PBXResourcesBuildPhase section */
		62679B7E1C79EE0900926E04 /* Resources */ = {
			isa = PBXResourcesBuildPhase;
			buildActionMask = 2147483647;
			files = (
				62679B881C79EE0900926E04 /* Assets.xcassets in Resources */,
				62679B8B1C79EE0900926E04 /* Main.storyboard in Resources */,
			);
			runOnlyForDeploymentPostprocessing = 0;
		};
		62679B8F1C79EE0900926E04 /* Resources */ = {
			isa = PBXResourcesBuildPhase;
			buildActionMask = 2147483647;
			files = (
			);
			runOnlyForDeploymentPostprocessing = 0;
		};
/* End PBXResourcesBuildPhase section */

/* Begin PBXSourcesBuildPhase section */
		62679B7C1C79EE0900926E04 /* Sources */ = {
			isa = PBXSourcesBuildPhase;
			buildActionMask = 2147483647;
			files = (
				62679B861C79EE0900926E04 /* ViewController.swift in Sources */,
				62679B841C79EE0900926E04 /* AppDelegate.swift in Sources */,
			);
			runOnlyForDeploymentPostprocessing = 0;
		};
		62679B8D1C79EE0900926E04 /* Sources */ = {
			isa = PBXSourcesBuildPhase;
			buildActionMask = 2147483647;
			files = (
				62679B961C79EE0900926E04 /* CTestTests.swift in Sources */,
			);
			runOnlyForDeploymentPostprocessing = 0;
		};
/* End PBXSourcesBuildPhase section */

/* Begin PBXTargetDependency section */
		62679B931C79EE0900926E04 /* PBXTargetDependency */ = {
			isa = PBXTargetDependency;
			target = 62679B7F1C79EE0900926E04 /* CTest */;
			targetProxy = 62679B921C79EE0900926E04 /* PBXContainerItemProxy */;
		};
/* End PBXTargetDependency section */

/* Begin PBXVariantGroup section */
		62679B891C79EE0900926E04 /* Main.storyboard */ = {
			isa = PBXVariantGroup;
			children = (
				62679B8A1C79EE0900926E04 /* Base */,
			);
			name = Main.storyboard;
			sourceTree = "<group>";
		};
/* End PBXVariantGroup section */

/* Begin XCBuildConfiguration section */
		62679B981C79EE0900926E04 /* Debug */ = {
			isa = XCBuildConfiguration;
			buildSettings = {
				ALWAYS_SEARCH_USER_PATHS = NO;
				CLANG_CXX_LANGUAGE_STANDARD = "gnu++0x";
				CLANG_CXX_LIBRARY = "libc++";
				CLANG_ENABLE_MODULES = YES;
				CLANG_ENABLE_OBJC_ARC = YES;
				CLANG_WARN_BOOL_CONVERSION = YES;
				CLANG_WARN_CONSTANT_CONVERSION = YES;
				CLANG_WARN_DIRECT_OBJC_ISA_USAGE = YES_ERROR;
				CLANG_WARN_EMPTY_BODY = YES;
				CLANG_WARN_ENUM_CONVERSION = YES;
				CLANG_WARN_INT_CONVERSION = YES;
				CLANG_WARN_OBJC_ROOT_CLASS = YES_ERROR;
				CLANG_WARN_UNREACHABLE_CODE = YES;
				CLANG_WARN__DUPLICATE_METHOD_MATCH = YES;
				CODE_SIGN_IDENTITY = "-";
				COPY_PHASE_STRIP = NO;
				DEBUG_INFORMATION_FORMAT = dwarf;
				ENABLE_STRICT_OBJC_MSGSEND = YES;
				ENABLE_TESTABILITY = YES;
				GCC_C_LANGUAGE_STANDARD = gnu99;
				GCC_DYNAMIC_NO_PIC = NO;
				GCC_NO_COMMON_BLOCKS = YES;
				GCC_OPTIMIZATION_LEVEL = 0;
				GCC_PREPROCESSOR_DEFINITIONS = (
					"DEBUG=1",
					"$(inherited)",
				);
				GCC_WARN_64_TO_32_BIT_CONVERSION = YES;
				GCC_WARN_ABOUT_RETURN_TYPE = YES_ERROR;
				GCC_WARN_UNDECLARED_SELECTOR = YES;
				GCC_WARN_UNINITIALIZED_AUTOS = YES_AGGRESSIVE;
				GCC_WARN_UNUSED_FUNCTION = YES;
				GCC_WARN_UNUSED_VARIABLE = YES;
				MACOSX_DEPLOYMENT_TARGET = 10.11;
				MTL_ENABLE_DEBUG_INFO = YES;
				ONLY_ACTIVE_ARCH = YES;
				SDKROOT = macosx;
				SWIFT_OPTIMIZATION_LEVEL = "-Onone";
			};
			name = Debug;
		};
		62679B991C79EE0900926E04 /* Release */ = {
			isa = XCBuildConfiguration;
			buildSettings = {
				ALWAYS_SEARCH_USER_PATHS = NO;
				CLANG_CXX_LANGUAGE_STANDARD = "gnu++0x";
				CLANG_CXX_LIBRARY = "libc++";
				CLANG_ENABLE_MODULES = YES;
				CLANG_ENABLE_OBJC_ARC = YES;
				CLANG_WARN_BOOL_CONVERSION = YES;
				CLANG_WARN_CONSTANT_CONVERSION = YES;
				CLANG_WARN_DIRECT_OBJC_ISA_USAGE = YES_ERROR;
				CLANG_WARN_EMPTY_BODY = YES;
				CLANG_WARN_ENUM_CONVERSION = YES;
				CLANG_WARN_INT_CONVERSION = YES;
				CLANG_WARN_OBJC_ROOT_CLASS = YES_ERROR;
				CLANG_WARN_UNREACHABLE_CODE = YES;
				CLANG_WARN__DUPLICATE_METHOD_MATCH = YES;
				CODE_SIGN_IDENTITY = "-";
				COPY_PHASE_STRIP = NO;
				DEBUG_INFORMATION_FORMAT = "dwarf-with-dsym";
				ENABLE_NS_ASSERTIONS = NO;
				ENABLE_STRICT_OBJC_MSGSEND = YES;
				GCC_C_LANGUAGE_STANDARD = gnu99;
				GCC_NO_COMMON_BLOCKS = YES;
				GCC_WARN_64_TO_32_BIT_CONVERSION = YES;
				GCC_WARN_ABOUT_RETURN_TYPE = YES_ERROR;
				GCC_WARN_UNDECLARED_SELECTOR = YES;
				GCC_WARN_UNINITIALIZED_AUTOS = YES_AGGRESSIVE;
				GCC_WARN_UNUSED_FUNCTION = YES;
				GCC_WARN_UNUSED_VARIABLE = YES;
				MACOSX_DEPLOYMENT_TARGET = 10.11;
				MTL_ENABLE_DEBUG_INFO = NO;
				SDKROOT = macosx;
			};
			name = Release;
		};
		62679B9B1C79EE0900926E04 /* Debug */ = {
			isa = XCBuildConfiguration;
			buildSettings = {
				ASSETCATALOG_COMPILER_APPICON_NAME = AppIcon;
				COMBINE_HIDPI_IMAGES = YES;
				INFOPLIST_FILE = CTest/Info.plist;
				LD_RUNPATH_SEARCH_PATHS = "$(inherited) @executable_path/../Frameworks";
				PRODUCT_BUNDLE_IDENTIFIER = com.tn1ck.CTest;
				PRODUCT_NAME = "$(TARGET_NAME)";
			};
			name = Debug;
		};
		62679B9C1C79EE0900926E04 /* Release */ = {
			isa = XCBuildConfiguration;
			buildSettings = {
				ASSETCATALOG_COMPILER_APPICON_NAME = AppIcon;
				COMBINE_HIDPI_IMAGES = YES;
				INFOPLIST_FILE = CTest/Info.plist;
				LD_RUNPATH_SEARCH_PATHS = "$(inherited) @executable_path/../Frameworks";
				PRODUCT_BUNDLE_IDENTIFIER = com.tn1ck.CTest;
				PRODUCT_NAME = "$(TARGET_NAME)";
			};
			name = Release;
		};
		62679B9E1C79EE0900926E04 /* Debug */ = {
			isa = XCBuildConfiguration;
			buildSettings = {
				BUNDLE_LOADER = "$(TEST_HOST)";
				COMBINE_HIDPI_IMAGES = YES;
				INFOPLIST_FILE = CTestTests/Info.plist;
				LD_RUNPATH_SEARCH_PATHS = "$(inherited) @executable_path/../Frameworks @loader_path/../Frameworks";
				PRODUCT_BUNDLE_IDENTIFIER = com.tn1ck.CTestTests;
				PRODUCT_NAME = "$(TARGET_NAME)";
				TEST_HOST = "$(BUILT_PRODUCTS_DIR)/CTest.app/Contents/MacOS/CTest";
			};
			name = Debug;
		};
		62679B9F1C79EE0900926E04 /* Release */ = {
			isa = XCBuildConfiguration;
			buildSettings = {
				BUNDLE_LOADER = "$(TEST_HOST)";
				COMBINE_HIDPI_IMAGES = YES;
				INFOPLIST_FILE = CTestTests/Info.plist;
				LD_RUNPATH_SEARCH_PATHS = "$(inherited) @executable_path/../Frameworks @loader_path/../Frameworks";
				PRODUCT_BUNDLE_IDENTIFIER = com.tn1ck.CTestTests;
				PRODUCT_NAME = "$(TARGET_NAME)";
				TEST_HOST = "$(BUILT_PRODUCTS_DIR)/CTest.app/Contents/MacOS/CTest";
			};
			name = Release;
		};
/* End XCBuildConfiguration section */

/* Begin XCConfigurationList section */
		62679B7B1C79EE0900926E04 /* Build configuration list for PBXProject "CTest" */ = {
			isa = XCConfigurationList;
			buildConfigurations = (
				62679B981C79EE0900926E04 /* Debug */,
				62679B991C79EE0900926E04 /* Release */,
			);
			defaultConfigurationIsVisible = 0;
			defaultConfigurationName = Release;
		};
		62679B9A1C79EE0900926E04 /* Build configuration list for PBXNativeTarget "CTest" */ = {
			isa = XCConfigurationList;
			buildConfigurations = (
				62679B9B1C79EE0900926E04 /* Debug */,
				62679B9C1C79EE0900926E04 /* Release */,
			);
			defaultConfigurationIsVisible = 0;
		};
		62679B9D1C79EE0900926E04 /* Build configuration list for PBXNativeTarget "CTestTests" */ = {
			isa = XCConfigurationList;
			buildConfigurations = (
				62679B9E1C79EE0900926E04 /* Debug */,
				62679B9F1C79EE0900926E04 /* Release */,
			);
			defaultConfigurationIsVisible = 0;
		};
/* End XCConfigurationList section */
	};
	rootObject = 62679B781C79EE0900926E04 /* Project object */;
}
